
Microsoft Visual Studio Solution File, Format Version 12.00
# Visual Studio Version 17
VisualStudioVersion = 17.0.32126.317
MinimumVisualStudioVersion = 10.0.40219.1
Project("{FAE04EC0-301F-11D3-BF4B-00C04F79EFBC}") = "PierwszyProjekt", "PierwszyProjekt\PierwszyProjekt.csproj", "{E993AE65-FB34-431C-9E49-07F25274B7F2}"
EndProject
Project("{FAE04EC0-301F-11D3-BF4B-00C04F79EFBC}") = "BrakSeparacji", "BrakSeparacji\BrakSeparacji.csproj", "{FAC66498-36BD-4902-A272-32DE721731D5}"
EndProject
Project("{FAE04EC0-301F-11D3-BF4B-00C04F79EFBC}") = "ProstyFormularz", "ProstyFormularz\ProstyFormularz.csproj", "{051272FF-01A3-4C12-B148-B1249EC4368A}"
EndProject
Project("{FAE04EC0-301F-11D3-BF4B-00C04F79EFBC}") = "Kontrolki", "Kontrolki\Kontrolki.csproj", "{3951109C-18BB-46AA-B44F-A79AC70A62B1}"
EndProject
Project("{FAE04EC0-301F-11D3-BF4B-00C04F79EFBC}") = "KontrolkiUzytkownika", "KontrolkiUzytkownika\KontrolkiUzytkownika.csproj", "{091385E0-78A5-4B87-8ECE-4DD321D21A8F}"
EndProject
Project("{FAE04EC0-301F-11D3-BF4B-00C04F79EFBC}") = "Dane", "Dane\Dane.csproj", "{A38E6AA3-D031-44A6-8109-9A62A64048F1}"
EndProject
Project("{FAE04EC0-301F-11D3-BF4B-00C04F79EFBC}") = "Entity", "Entity\Entity.csproj", "{03F224A4-CD1B-402D-AC65-E556F0D65240}"
EndProject
Project("{FAE04EC0-301F-11D3-BF4B-00C04F79EFBC}") = "CodeFirst", "CodeFirst\CodeFirst.csproj", "{15FD629F-BC24-4F5A-88DD-921F4F89C227}"
EndProject
Project("{FAE04EC0-301F-11D3-BF4B-00C04F79EFBC}") = "Skrypty", "Skrypty\Skrypty.csproj", "{C3D4E8CE-929D-4F7C-90DC-BBAE086B522E}"
EndProject
Project("{FAE04EC0-301F-11D3-BF4B-00C04F79EFBC}") = "Jquery", "Jquery\Jquery.csproj", "{683B9748-B8B4-4232-8102-15BF258EE59B}"
EndProject
Project("{FAE04EC0-301F-11D3-BF4B-00C04F79EFBC}") = "StronyWzorcowe", "StronyWzorcowe\StronyWzorcowe.csproj", "{F9BE12C7-658E-4DCF-B5E7-B76A8982D7C8}"
EndProject
Project("{E24C65DC-7377-472B-9ABA-BC803B73C61A}") = "Formularze1", "Formularze1\", "{5494DC90-84D9-47C2-A0CA-A83E1AB85BBA}"
	ProjectSection(WebsiteProperties) = preProject
		TargetFrameworkMoniker = ".NETFramework,Version%3Dv4.7.2"
		Debug.AspNetCompiler.VirtualPath = "/localhost_49969"
		Debug.AspNetCompiler.PhysicalPath = "Formularze1\"
		Debug.AspNetCompiler.TargetPath = "PrecompiledWeb\localhost_49969\"
		Debug.AspNetCompiler.Updateable = "true"
		Debug.AspNetCompiler.ForceOverwrite = "true"
		Debug.AspNetCompiler.FixedNames = "false"
		Debug.AspNetCompiler.Debug = "True"
		Release.AspNetCompiler.VirtualPath = "/localhost_49969"
		Release.AspNetCompiler.PhysicalPath = "Formularze1\"
		Release.AspNetCompiler.TargetPath = "PrecompiledWeb\localhost_49969\"
		Release.AspNetCompiler.Updateable = "true"
		Release.AspNetCompiler.ForceOverwrite = "true"
		Release.AspNetCompiler.FixedNames = "false"
		Release.AspNetCompiler.Debug = "False"
		VWDPort = "49969"
		SlnRelativePath = "Formularze1\"
		DefaultWebSiteLanguage = "Visual C#"
	EndProjectSection
EndProject
Project("{E24C65DC-7377-472B-9ABA-BC803B73C61A}") = "DaneDynamiczne", "DaneDynamiczne\", "{58968288-BB42-41B2-A51B-466F74FE247A}"
	ProjectSection(WebsiteProperties) = preProject
		TargetFrameworkMoniker = ".NETFramework,Version%3Dv4.7.2"
		Debug.AspNetCompiler.VirtualPath = "/localhost_61219"
		Debug.AspNetCompiler.PhysicalPath = "DaneDynamiczne\"
		Debug.AspNetCompiler.TargetPath = "PrecompiledWeb\localhost_61219\"
		Debug.AspNetCompiler.Updateable = "true"
		Debug.AspNetCompiler.ForceOverwrite = "true"
		Debug.AspNetCompiler.FixedNames = "false"
		Debug.AspNetCompiler.Debug = "True"
		Release.AspNetCompiler.VirtualPath = "/localhost_61219"
		Release.AspNetCompiler.PhysicalPath = "DaneDynamiczne\"
		Release.AspNetCompiler.TargetPath = "PrecompiledWeb\localhost_61219\"
		Release.AspNetCompiler.Updateable = "true"
		Release.AspNetCompiler.ForceOverwrite = "true"
		Release.AspNetCompiler.FixedNames = "false"
		Release.AspNetCompiler.Debug = "False"
		VWDPort = "61219"
		SlnRelativePath = "DaneDynamiczne\"
		DefaultWebSiteLanguage = "Visual C#"
	EndProjectSection
EndProject
Global
	GlobalSection(SolutionConfigurationPlatforms) = preSolution
		Debug|Any CPU = Debug|Any CPU
		Release|Any CPU = Release|Any CPU
	EndGlobalSection
	GlobalSection(ProjectConfigurationPlatforms) = postSolution
		{E993AE65-FB34-431C-9E49-07F25274B7F2}.Debug|Any CPU.ActiveCfg = Debug|Any CPU
		{E993AE65-FB34-431C-9E49-07F25274B7F2}.Debug|Any CPU.Build.0 = Debug|Any CPU
		{E993AE65-FB34-431C-9E49-07F25274B7F2}.Release|Any CPU.ActiveCfg = Release|Any CPU
		{E993AE65-FB34-431C-9E49-07F25274B7F2}.Release|Any CPU.Build.0 = Release|Any CPU
		{FAC66498-36BD-4902-A272-32DE721731D5}.Debug|Any CPU.ActiveCfg = Debug|Any CPU
		{FAC66498-36BD-4902-A272-32DE721731D5}.Debug|Any CPU.Build.0 = Debug|Any CPU
		{FAC66498-36BD-4902-A272-32DE721731D5}.Release|Any CPU.ActiveCfg = Release|Any CPU
		{FAC66498-36BD-4902-A272-32DE721731D5}.Release|Any CPU.Build.0 = Release|Any CPU
		{051272FF-01A3-4C12-B148-B1249EC4368A}.Debug|Any CPU.ActiveCfg = Debug|Any CPU
		{051272FF-01A3-4C12-B148-B1249EC4368A}.Debug|Any CPU.Build.0 = Debug|Any CPU
		{051272FF-01A3-4C12-B148-B1249EC4368A}.Release|Any CPU.ActiveCfg = Release|Any CPU
		{051272FF-01A3-4C12-B148-B1249EC4368A}.Release|Any CPU.Build.0 = Release|Any CPU
		{3951109C-18BB-46AA-B44F-A79AC70A62B1}.Debug|Any CPU.ActiveCfg = Debug|Any CPU
		{3951109C-18BB-46AA-B44F-A79AC70A62B1}.Debug|Any CPU.Build.0 = Debug|Any CPU
		{3951109C-18BB-46AA-B44F-A79AC70A62B1}.Release|Any CPU.ActiveCfg = Release|Any CPU
		{3951109C-18BB-46AA-B44F-A79AC70A62B1}.Release|Any CPU.Build.0 = Release|Any CPU
		{091385E0-78A5-4B87-8ECE-4DD321D21A8F}.Debug|Any CPU.ActiveCfg = Debug|Any CPU
		{091385E0-78A5-4B87-8ECE-4DD321D21A8F}.Debug|Any CPU.Build.0 = Debug|Any CPU
		{091385E0-78A5-4B87-8ECE-4DD321D21A8F}.Release|Any CPU.ActiveCfg = Release|Any CPU
		{091385E0-78A5-4B87-8ECE-4DD321D21A8F}.Release|Any CPU.Build.0 = Release|Any CPU
		{A38E6AA3-D031-44A6-8109-9A62A64048F1}.Debug|Any CPU.ActiveCfg = Debug|Any CPU
		{A38E6AA3-D031-44A6-8109-9A62A64048F1}.Debug|Any CPU.Build.0 = Debug|Any CPU
		{A38E6AA3-D031-44A6-8109-9A62A64048F1}.Release|Any CPU.ActiveCfg = Release|Any CPU
		{A38E6AA3-D031-44A6-8109-9A62A64048F1}.Release|Any CPU.Build.0 = Release|Any CPU
		{03F224A4-CD1B-402D-AC65-E556F0D65240}.Debug|Any CPU.ActiveCfg = Debug|Any CPU
		{03F224A4-CD1B-402D-AC65-E556F0D65240}.Debug|Any CPU.Build.0 = Debug|Any CPU
		{03F224A4-CD1B-402D-AC65-E556F0D65240}.Release|Any CPU.ActiveCfg = Release|Any CPU
		{03F224A4-CD1B-402D-AC65-E556F0D65240}.Release|Any CPU.Build.0 = Release|Any CPU
		{15FD629F-BC24-4F5A-88DD-921F4F89C227}.Debug|Any CPU.ActiveCfg = Debug|Any CPU
		{15FD629F-BC24-4F5A-88DD-921F4F89C227}.Debug|Any CPU.Build.0 = Debug|Any CPU
		{15FD629F-BC24-4F5A-88DD-921F4F89C227}.Release|Any CPU.ActiveCfg = Release|Any CPU
		{15FD629F-BC24-4F5A-88DD-921F4F89C227}.Release|Any CPU.Build.0 = Release|Any CPU
		{C3D4E8CE-929D-4F7C-90DC-BBAE086B522E}.Debug|Any CPU.ActiveCfg = Debug|Any CPU
		{C3D4E8CE-929D-4F7C-90DC-BBAE086B522E}.Debug|Any CPU.Build.0 = Debug|Any CPU
		{C3D4E8CE-929D-4F7C-90DC-BBAE086B522E}.Release|Any CPU.ActiveCfg = Release|Any CPU
		{C3D4E8CE-929D-4F7C-90DC-BBAE086B522E}.Release|Any CPU.Build.0 = Release|Any CPU
		{683B9748-B8B4-4232-8102-15BF258EE59B}.Debug|Any CPU.ActiveCfg = Debug|Any CPU
		{683B9748-B8B4-4232-8102-15BF258EE59B}.Debug|Any CPU.Build.0 = Debug|Any CPU
		{683B9748-B8B4-4232-8102-15BF258EE59B}.Release|Any CPU.ActiveCfg = Release|Any CPU
		{683B9748-B8B4-4232-8102-15BF258EE59B}.Release|Any CPU.Build.0 = Release|Any CPU
		{F9BE12C7-658E-4DCF-B5E7-B76A8982D7C8}.Debug|Any CPU.ActiveCfg = Debug|Any CPU
		{F9BE12C7-658E-4DCF-B5E7-B76A8982D7C8}.Debug|Any CPU.Build.0 = Debug|Any CPU
		{F9BE12C7-658E-4DCF-B5E7-B76A8982D7C8}.Release|Any CPU.ActiveCfg = Release|Any CPU
		{F9BE12C7-658E-4DCF-B5E7-B76A8982D7C8}.Release|Any CPU.Build.0 = Release|Any CPU
		{5494DC90-84D9-47C2-A0CA-A83E1AB85BBA}.Debug|Any CPU.ActiveCfg = Debug|Any CPU
		{5494DC90-84D9-47C2-A0CA-A83E1AB85BBA}.Debug|Any CPU.Build.0 = Debug|Any CPU
		{5494DC90-84D9-47C2-A0CA-A83E1AB85BBA}.Release|Any CPU.ActiveCfg = Debug|Any CPU
		{5494DC90-84D9-47C2-A0CA-A83E1AB85BBA}.Release|Any CPU.Build.0 = Debug|Any CPU
		{58968288-BB42-41B2-A51B-466F74FE247A}.Debug|Any CPU.ActiveCfg = Debug|Any CPU
		{58968288-BB42-41B2-A51B-466F74FE247A}.Debug|Any CPU.Build.0 = Debug|Any CPU
		{58968288-BB42-41B2-A51B-466F74FE247A}.Release|Any CPU.ActiveCfg = Debug|Any CPU
		{58968288-BB42-41B2-A51B-466F74FE247A}.Release|Any CPU.Build.0 = Debug|Any CPU
	EndGlobalSection
	GlobalSection(SolutionProperties) = preSolution
		HideSolutionNode = FALSE
	EndGlobalSection
	GlobalSection(ExtensibilityGlobals) = postSolution
		SolutionGuid = {E7C85ACC-295B-41B2-AF0E-2DF2150DD6B1}
	EndGlobalSection
EndGlobal
